
Microsoft Visual Studio Solution File, Format Version 12.00
# Visual Studio Version 16
VisualStudioVersion = 16.0.32929.386
MinimumVisualStudioVersion = 10.0.40219.1
Project("{FAE04EC0-301F-11D3-BF4B-00C04F79EFBC}") = "oginpage", "oginpage\oginpage.csproj", "{9B825A34-DC4C-4EDB-8B63-17D1EC7F8EB8}"
EndProject
Global
	GlobalSection(SolutionConfigurationPlatforms) = preSolution
		Debug|Any CPU = Debug|Any CPU
		Release|Any CPU = Release|Any CPU
	EndGlobalSection
	GlobalSection(ProjectConfigurationPlatforms) = postSolution
		{9B825A34-DC4C-4EDB-8B63-17D1EC7F8EB8}.Debug|Any CPU.ActiveCfg = Debug|Any CPU
		{9B825A34-DC4C-4EDB-8B63-17D1EC7F8EB8}.Debug|Any CPU.Build.0 = Debug|Any CPU
		{9B825A34-DC4C-4EDB-8B63-17D1EC7F8EB8}.Release|Any CPU.ActiveCfg = Release|Any CPU
		{9B825A34-DC4C-4EDB-8B63-17D1EC7F8EB8}.Release|Any CPU.Build.0 = Release|Any CPU
	EndGlobalSection
	GlobalSection(SolutionProperties) = preSolution
		HideSolutionNode = FALSE
	EndGlobalSection
	GlobalSection(ExtensibilityGlobals) = postSolution
		SolutionGuid = {BAE22BF4-9592-4965-8078-5B78D2E2F38A}
	EndGlobalSection
EndGlobal
